
Microsoft Visual Studio Solution File, Format Version 12.00
# Visual Studio Version 17
VisualStudioVersion = 17.2.32630.192
MinimumVisualStudioVersion = 10.0.40219.1
Project("{FAE04EC0-301F-11D3-BF4B-00C04F79EFBC}") = "Desenvolvimentotarefas", "Desenvolvimentotarefas\Desenvolvimentotarefas.csproj", "{0630424D-E1ED-4F89-A7B9-EC5E88EEDC30}"
EndProject
Global
	GlobalSection(SolutionConfigurationPlatforms) = preSolution
		Debug|Any CPU = Debug|Any CPU
		Release|Any CPU = Release|Any CPU
	EndGlobalSection
	GlobalSection(ProjectConfigurationPlatforms) = postSolution
		{0630424D-E1ED-4F89-A7B9-EC5E88EEDC30}.Debug|Any CPU.ActiveCfg = Debug|Any CPU
		{0630424D-E1ED-4F89-A7B9-EC5E88EEDC30}.Debug|Any CPU.Build.0 = Debug|Any CPU
		{0630424D-E1ED-4F89-A7B9-EC5E88EEDC30}.Release|Any CPU.ActiveCfg = Release|Any CPU
		{0630424D-E1ED-4F89-A7B9-EC5E88EEDC30}.Release|Any CPU.Build.0 = Release|Any CPU
	EndGlobalSection
	GlobalSection(SolutionProperties) = preSolution
		HideSolutionNode = FALSE
	EndGlobalSection
	GlobalSection(ExtensibilityGlobals) = postSolution
		SolutionGuid = {9BACFB71-A941-4EE7-9ABF-12A1119554CE}
	EndGlobalSection
EndGlobal
